
Microsoft Visual Studio Solution File, Format Version 11.00
# Visual Studio 2010
Project("{FAE04EC0-301F-11D3-BF4B-00C04F79EFBC}") = "Beans", "Beans\Beans.csproj", "{0FC23B09-C3A5-4B23-9C43-6E056EF6AD1A}"
EndProject
Global
	GlobalSection(SolutionConfigurationPlatforms) = preSolution
		Debug|Any CPU = Debug|Any CPU
		Release|Any CPU = Release|Any CPU
	EndGlobalSection
	GlobalSection(ProjectConfigurationPlatforms) = postSolution
		{0FC23B09-C3A5-4B23-9C43-6E056EF6AD1A}.Debug|Any CPU.ActiveCfg = Debug|Any CPU
		{0FC23B09-C3A5-4B23-9C43-6E056EF6AD1A}.Debug|Any CPU.Build.0 = Debug|Any CPU
		{0FC23B09-C3A5-4B23-9C43-6E056EF6AD1A}.Debug|Any CPU.Deploy.0 = Debug|Any CPU
		{0FC23B09-C3A5-4B23-9C43-6E056EF6AD1A}.Release|Any CPU.ActiveCfg = Release|Any CPU
		{0FC23B09-C3A5-4B23-9C43-6E056EF6AD1A}.Release|Any CPU.Build.0 = Release|Any CPU
		{0FC23B09-C3A5-4B23-9C43-6E056EF6AD1A}.Release|Any CPU.Deploy.0 = Release|Any CPU
	EndGlobalSection
	GlobalSection(SolutionProperties) = preSolution
		HideSolutionNode = FALSE
	EndGlobalSection
EndGlobal
